dependencies:
- name: common
  repository: oci://registry-1.docker.io/bitnamicharts
  version: 2.40.0
- name: ingress-nginx
  repository: https://kubernetes.github.io/ingress-nginx
  version: 4.15.1
digest: sha256:a62993e4cc9b4542933aa001e862718c0458e5a49456365a4546af3fc8aebd56
generated: "2026-06-05T08:39:01.713777+02:00"
