# Generated by buf. DO NOT EDIT.
version: v1
deps:
  - remote: buf.build
    owner: googleapis
    repository: googleapis
    commit: 4ed3bc159a8b4ac68fe253218760d035
  - remote: buf.build
    owner: grpc-ecosystem
    repository: grpc-gateway
    commit: ca289928665845a7b2f7285d052c739a
  - remote: buf.build
    owner: torq
    repository: go-proto-validators
    commit: a742bf388e99484c90d68761ea610c0e
