# Generated by buf. DO NOT EDIT.
version: v1
deps:
  - remote: buf.build
    owner: bufbuild
    repository: protovalidate
    commit: b983156c5e994cc9892e0ce3e64e17e0
  - remote: buf.build
    owner: googleapis
    repository: googleapis
    commit: 7a6bc1e3207144b38e9066861e1de0ff
  - remote: buf.build
    owner: grpc-ecosystem
    repository: grpc-gateway
    commit: 3f42134f4c564983838425bc43c7a65f
