# Generated by buf. DO NOT EDIT.
version: v1
deps:
  - remote: buf.build
    owner: googleapis
    repository: googleapis
    commit: 28151c0d0a1641bf938a7672c500e01d
    digest: shake256:49215edf8ef57f7863004539deff8834cfb2195113f0b890dd1f67815d9353e28e668019165b9d872395871eeafcbab3ccfdb2b5f11734d3cca95be9e8d139de
  - remote: buf.build
    owner: grpc-ecosystem
    repository: grpc-gateway
    commit: 3f42134f4c564983838425bc43c7a65f
    digest: shake256:3d11d4c0fe5e05fda0131afefbce233940e27f0c31c5d4e385686aea58ccd30f72053f61af432fa83f1fc11cda57f5f18ca3da26a29064f73c5a0d076bba8d92
  - remote: buf.build
    owner: torq
    repository: go-proto-validators
    commit: a742bf388e99484c90d68761ea610c0e
    digest: shake256:2fc30d8fcbc95ba9d0d8549a61614b469d3afbb9e7491ee0ba00eba9734d8b2d0db56c8dfab982f748daca30e7745e2792c3e253369bcfe5acf71aef9f84f5e4
