# Generated by buf. DO NOT EDIT.
version: v1
deps:
  - remote: buf.build
    owner: googleapis
    repository: googleapis
    branch: main
    commit: 7057d7fa1c4f42c9968fda97c34ac8d1
    digest: b1-cinQG7-nhDaDhUzAdJI-YTU5BN8KcZBv_ujoU6muB3I=
    create_time: 2021-11-02T15:09:38.737611Z
  - remote: buf.build
    owner: grpc-ecosystem
    repository: grpc-gateway
    branch: main
    commit: ff83506eb9cc4cf8972f49ce87e6ed3e
    digest: b1-iLPHgLaoeWWinMiXXqPnxqE4BThtY3eSbswVGh9GOGI=
    create_time: 2021-10-23T16:26:52.283938Z
  - remote: buf.build
    owner: torq
    repository: go-proto-validators
    branch: main
    commit: a742bf388e99484c90d68761ea610c0e
    digest: b1-5ZwHfOIYTNF9OMUTiylyS8UKvionr25u1v1BbrgSOVY=
    create_time: 2021-08-24T15:05:10.757478Z
