# Generated by buf. DO NOT EDIT.
version: v1
deps:
  - remote: buf.build
    owner: googleapis
    repository: googleapis
    commit: 553fd4b4b3a640be9b69a3fa0c17b383
    digest: shake256:e30e3247f84b7ff9d09941ce391eb4b6f04734e1e5fae796bfc471f167e6f90813630cc39397ee46b8bc0ea7d6935c416d15c219cc5732d9778cbfdf73a1ed6e
  - remote: buf.build
    owner: grpc
    repository: grpc
    commit: 5197c4709c1b4017a2b88e0dabbf5dad
    digest: shake256:d1f2a60110187ea7849543ea06e5e91f6bfc279ce3d8a7efd3bd4a51faf63a112cd1ca7d001ca5353d0862e3e39cbb36355ddce4d350b51c99a4aec5fb332d06
